
Microsoft Visual Studio Solution File, Format Version 12.00
# Visual Studio 15
VisualStudioVersion = 15.0.28010.2036
MinimumVisualStudioVersion = 10.0.40219.1
Project("{182E2583-ECAD-465B-BB50-91101D7C24CE}") = "SqlSaturday.USQL.Application", "SqlSaturday.USQL.Application\SqlSaturday.USQL.Application.usqlproj", "{D4601368-90D8-43C4-9B06-C238FAF47624}"
EndProject
Global
	GlobalSection(SolutionConfigurationPlatforms) = preSolution
		Debug|Any CPU = Debug|Any CPU
		Debug|x64 = Debug|x64
		Debug|x86 = Debug|x86
		Release|Any CPU = Release|Any CPU
		Release|x64 = Release|x64
		Release|x86 = Release|x86
	EndGlobalSection
	GlobalSection(ProjectConfigurationPlatforms) = postSolution
		{D4601368-90D8-43C4-9B06-C238FAF47624}.Debug|Any CPU.ActiveCfg = Debug|Any CPU
		{D4601368-90D8-43C4-9B06-C238FAF47624}.Debug|Any CPU.Build.0 = Debug|Any CPU
		{D4601368-90D8-43C4-9B06-C238FAF47624}.Debug|x64.ActiveCfg = Debug|x64
		{D4601368-90D8-43C4-9B06-C238FAF47624}.Debug|x64.Build.0 = Debug|x64
		{D4601368-90D8-43C4-9B06-C238FAF47624}.Debug|x86.ActiveCfg = Debug|x86
		{D4601368-90D8-43C4-9B06-C238FAF47624}.Debug|x86.Build.0 = Debug|x86
		{D4601368-90D8-43C4-9B06-C238FAF47624}.Release|Any CPU.ActiveCfg = Release|Any CPU
		{D4601368-90D8-43C4-9B06-C238FAF47624}.Release|Any CPU.Build.0 = Release|Any CPU
		{D4601368-90D8-43C4-9B06-C238FAF47624}.Release|x64.ActiveCfg = Release|x64
		{D4601368-90D8-43C4-9B06-C238FAF47624}.Release|x64.Build.0 = Release|x64
		{D4601368-90D8-43C4-9B06-C238FAF47624}.Release|x86.ActiveCfg = Release|x86
		{D4601368-90D8-43C4-9B06-C238FAF47624}.Release|x86.Build.0 = Release|x86
	EndGlobalSection
	GlobalSection(SolutionProperties) = preSolution
		HideSolutionNode = FALSE
	EndGlobalSection
	GlobalSection(ExtensibilityGlobals) = postSolution
		SolutionGuid = {154A4649-D96A-4CCA-B931-320F76E3F6D6}
	EndGlobalSection
EndGlobal
